<?xml version="1.0" encoding="utf-8"?>
<Project ToolsVersion="4.0" xmlns="http://schemas.microsoft.com/developer/msbuild/2003">
  <ItemGroup>
    <Filter Include="Goofer">
      <UniqueIdentifier>{C78694B5-B328-BF8B-9CE3-D2DF882446DC}</UniqueIdentifier>
    </Filter>
  </ItemGroup>
  <ItemGroup>
    <ClInclude Include="src\Goofer.h" />
    <ClInclude Include="src\Goofer\Application.h">
      <Filter>Goofer</Filter>
    </ClInclude>
    <ClInclude Include="src\Goofer\Array.h">
      <Filter>Goofer</Filter>
    </ClInclude>
    <ClInclude Include="src\Goofer\Core.h">
      <Filter>Goofer</Filter>
    </ClInclude>
    <ClInclude Include="src\Goofer\Delegate.h">
      <Filter>Goofer</Filter>
    </ClInclude>
    <ClInclude Include="src\Goofer\Entity.h">
      <Filter>Goofer</Filter>
    </ClInclude>
    <ClInclude Include="src\Goofer\EntryPoint.h">
      <Filter>Goofer</Filter>
    </ClInclude>
    <ClInclude Include="src\Goofer\EventListener.h">
      <Filter>Goofer</Filter>
    </ClInclude>
    <ClInclude Include="src\Goofer\Log.h">
      <Filter>Goofer</Filter>
    </ClInclude>
    <ClInclude Include="src\Goofer\Test.h">
      <Filter>Goofer</Filter>
    </ClInclude>
    <ClInclude Include="src\Goofer\Time.h">
      <Filter>Goofer</Filter>
    </ClInclude>
    <ClInclude Include="src\Goofer\Window.h">
      <Filter>Goofer</Filter>
    </ClInclude>
  </ItemGroup>
  <ItemGroup>
    <ClCompile Include="src\Goofer\Application.cpp">
      <Filter>Goofer</Filter>
    </ClCompile>
    <ClCompile Include="src\Goofer\Entity.cpp">
      <Filter>Goofer</Filter>
    </ClCompile>
    <ClCompile Include="src\Goofer\EventListener.cpp">
      <Filter>Goofer</Filter>
    </ClCompile>
    <ClCompile Include="src\Goofer\Log.cpp">
      <Filter>Goofer</Filter>
    </ClCompile>
    <ClCompile Include="src\Goofer\Time.cpp">
      <Filter>Goofer</Filter>
    </ClCompile>
    <ClCompile Include="src\Goofer\Window.cpp">
      <Filter>Goofer</Filter>
    </ClCompile>
    <ClCompile Include="src\Goofer\glad.c">
      <Filter>Goofer</Filter>
    </ClCompile>
  </ItemGroup>
</Project>